// !$*UTF8*$!
{
	archiveVersion = 1;
	classes = {
	};
	objectVersion = 50;
	objects = {

/* Begin PBXBuildFile section */
		17B0CAA520B05CB000A22175 /* AppDelegate.swift in Sources */ = {isa = PBXBuildFile; fileRef = 17B0CAA420B05CB000A22175 /* AppDelegate.swift */; };
		17B0CAAA20B05CB000A22175 /* Main.storyboard in Resources */ = {isa = PBXBuildFile; fileRef = 17B0CAA820B05CB000A22175 /* Main.storyboard */; };
		17B0CAAC20B05CB500A22175 /* Assets.xcassets in Resources */ = {isa = PBXBuildFile; fileRef = 17B0CAAB20B05CB500A22175 /* Assets.xcassets */; };
		17B0CAAF20B05CB500A22175 /* LaunchScreen.storyboard in Resources */ = {isa = PBXBuildFile; fileRef = 17B0CAAD20B05CB500A22175 /* LaunchScreen.storyboard */; };
		17B0CABC20B063AD00A22175 /* MenuController.swift in Sources */ = {isa = PBXBuildFile; fileRef = 17B0CABB20B063AD00A22175 /* MenuController.swift */; };
		17B0CABE20B063E500A22175 /* ALaCarteController.swift in Sources */ = {isa = PBXBuildFile; fileRef = 17B0CABD20B063E500A22175 /* ALaCarteController.swift */; };
		17B0CAC120B066FA00A22175 /* Constantes.swift in Sources */ = {isa = PBXBuildFile; fileRef = 17B0CAC020B066FA00A22175 /* Constantes.swift */; };
		17B0CAC520B067FD00A22175 /* MonTabBar.swift in Sources */ = {isa = PBXBuildFile; fileRef = 17B0CAC420B067FD00A22175 /* MonTabBar.swift */; };
		17B0CAC720B08B3300A22175 /* MonNav.swift in Sources */ = {isa = PBXBuildFile; fileRef = 17B0CAC620B08B3300A22175 /* MonNav.swift */; };
/* End PBXBuildFile section */

/* Begin PBXFileReference section */
		17B0CAA120B05CB000A22175 /* MonRestoDuMonde.app */ = {isa = PBXFileReference; explicitFileType = wrapper.application; includeInIndex = 0; path = MonRestoDuMonde.app; sourceTree = BUILT_PRODUCTS_DIR; };
		17B0CAA420B05CB000A22175 /* AppDelegate.swift */ = {isa = PBXFileReference; lastKnownFileType = sourcecode.swift; path = AppDelegate.swift; sourceTree = "<group>"; };
		17B0CAA920B05CB000A22175 /* Base */ = {isa = PBXFileReference; lastKnownFileType = file.storyboard; name = Base; path = Base.lproj/Main.storyboard; sourceTree = "<group>"; };
		17B0CAAB20B05CB500A22175 /* Assets.xcassets */ = {isa = PBXFileReference; lastKnownFileType = folder.assetcatalog; path = Assets.xcassets; sourceTree = "<group>"; };
		17B0CAAE20B05CB500A22175 /* Base */ = {isa = PBXFileReference; lastKnownFileType = file.storyboard; name = Base; path = Base.lproj/LaunchScreen.storyboard; sourceTree = "<group>"; };
		17B0CAB020B05CB500A22175 /* Info.plist */ = {isa = PBXFileReference; lastKnownFileType = text.plist.xml; path = Info.plist; sourceTree = "<group>"; };
		17B0CABB20B063AD00A22175 /* MenuController.swift */ = {isa = PBXFileReference; lastKnownFileType = sourcecode.swift; path = MenuController.swift; sourceTree = "<group>"; };
		17B0CABD20B063E500A22175 /* ALaCarteController.swift */ = {isa = PBXFileReference; lastKnownFileType = sourcecode.swift; path = ALaCarteController.swift; sourceTree = "<group>"; };
		17B0CAC020B066FA00A22175 /* Constantes.swift */ = {isa = PBXFileReference; lastKnownFileType = sourcecode.swift; path = Constantes.swift; sourceTree = "<group>"; };
		17B0CAC420B067FD00A22175 /* MonTabBar.swift */ = {isa = PBXFileReference; lastKnownFileType = sourcecode.swift; path = MonTabBar.swift; sourceTree = "<group>"; };
		17B0CAC620B08B3300A22175 /* MonNav.swift */ = {isa = PBXFileReference; lastKnownFileType = sourcecode.swift; path = MonNav.swift; sourceTree = "<group>"; };
/* End PBXFileReference section */

/* Begin PBXFrameworksBuildPhase section */
		17B0CA9E20B05CB000A22175 /* Frameworks */ = {
			isa = PBXFrameworksBuildPhase;
			buildActionMask = 2147483647;
			files = (
			);
			runOnlyForDeploymentPostprocessing = 0;
		};
/* End PBXFrameworksBuildPhase section */

/* Begin PBXGroup section */
		17B0CA9820B05CB000A22175 = {
			isa = PBXGroup;
			children = (
				17B0CAA320B05CB000A22175 /* MonRestoDuMonde */,
				17B0CAA220B05CB000A22175 /* Products */,
			);
			sourceTree = "<group>";
		};
		17B0CAA220B05CB000A22175 /* Products */ = {
			isa = PBXGroup;
			children = (
				17B0CAA120B05CB000A22175 /* MonRestoDuMonde.app */,
			);
			name = Products;
			sourceTree = "<group>";
		};
		17B0CAA320B05CB000A22175 /* MonRestoDuMonde */ = {
			isa = PBXGroup;
			children = (
				17B0CABF20B066DA00A22175 /* Utilitaire */,
				17B0CAB820B0623600A22175 /* Controlleur */,
				17B0CAB720B0621600A22175 /* Vue */,
				17B0CAB620B061F100A22175 /* Modele */,
				17B0CAA420B05CB000A22175 /* AppDelegate.swift */,
				17B0CAA820B05CB000A22175 /* Main.storyboard */,
				17B0CAAB20B05CB500A22175 /* Assets.xcassets */,
				17B0CAAD20B05CB500A22175 /* LaunchScreen.storyboard */,
				17B0CAB020B05CB500A22175 /* Info.plist */,
			);
			path = MonRestoDuMonde;
			sourceTree = "<group>";
		};
		17B0CAB620B061F100A22175 /* Modele */ = {
			isa = PBXGroup;
			children = (
			);
			path = Modele;
			sourceTree = "<group>";
		};
		17B0CAB720B0621600A22175 /* Vue */ = {
			isa = PBXGroup;
			children = (
			);
			path = Vue;
			sourceTree = "<group>";
		};
		17B0CAB820B0623600A22175 /* Controlleur */ = {
			isa = PBXGroup;
			children = (
				17B0CABB20B063AD00A22175 /* MenuController.swift */,
				17B0CABD20B063E500A22175 /* ALaCarteController.swift */,
				17B0CAC420B067FD00A22175 /* MonTabBar.swift */,
				17B0CAC620B08B3300A22175 /* MonNav.swift */,
			);
			path = Controlleur;
			sourceTree = "<group>";
		};
		17B0CABF20B066DA00A22175 /* Utilitaire */ = {
			isa = PBXGroup;
			children = (
				17B0CAC020B066FA00A22175 /* Constantes.swift */,
			);
			path = Utilitaire;
			sourceTree = "<group>";
		};
/* End PBXGroup section */

/* Begin PBXNativeTarget section */
		17B0CAA020B05CB000A22175 /* MonRestoDuMonde */ = {
			isa = PBXNativeTarget;
			buildConfigurationList = 17B0CAB320B05CB500A22175 /* Build configuration list for PBXNativeTarget "MonRestoDuMonde" */;
			buildPhases = (
				17B0CA9D20B05CB000A22175 /* Sources */,
				17B0CA9E20B05CB000A22175 /* Frameworks */,
				17B0CA9F20B05CB000A22175 /* Resources */,
			);
			buildRules = (
			);
			dependencies = (
			);
			name = MonRestoDuMonde;
			productName = MonRestoDuMonde;
			productReference = 17B0CAA120B05CB000A22175 /* MonRestoDuMonde.app */;
			productType = "com.apple.product-type.application";
		};
/* End PBXNativeTarget section */

/* Begin PBXProject section */
		17B0CA9920B05CB000A22175 /* Project object */ = {
			isa = PBXProject;
			attributes = {
				LastSwiftUpdateCheck = 0930;
				LastUpgradeCheck = 0930;
				ORGANIZATIONNAME = "Benoît Goossens";
				TargetAttributes = {
					17B0CAA020B05CB000A22175 = {
						CreatedOnToolsVersion = 9.3.1;
					};
				};
			};
			buildConfigurationList = 17B0CA9C20B05CB000A22175 /* Build configuration list for PBXProject "MonRestoDuMonde" */;
			compatibilityVersion = "Xcode 9.3";
			developmentRegion = en;
			hasScannedForEncodings = 0;
			knownRegions = (
				en,
				Base,
			);
			mainGroup = 17B0CA9820B05CB000A22175;
			productRefGroup = 17B0CAA220B05CB000A22175 /* Products */;
			projectDirPath = "";
			projectRoot = "";
			targets = (
				17B0CAA020B05CB000A22175 /* MonRestoDuMonde */,
			);
		};
/* End PBXProject section */

/* Begin PBXResourcesBuildPhase section */
		17B0CA9F20B05CB000A22175 /* Resources */ = {
			isa = PBXResourcesBuildPhase;
			buildActionMask = 2147483647;
			files = (
				17B0CAAF20B05CB500A22175 /* LaunchScreen.storyboard in Resources */,
				17B0CAAC20B05CB500A22175 /* Assets.xcassets in Resources */,
				17B0CAAA20B05CB000A22175 /* Main.storyboard in Resources */,
			);
			runOnlyForDeploymentPostprocessing = 0;
		};
/* End PBXResourcesBuildPhase section */

/* Begin PBXSourcesBuildPhase section */
		17B0CA9D20B05CB000A22175 /* Sources */ = {
			isa = PBXSourcesBuildPhase;
			buildActionMask = 2147483647;
			files = (
				17B0CAC520B067FD00A22175 /* MonTabBar.swift in Sources */,
				17B0CABC20B063AD00A22175 /* MenuController.swift in Sources */,
				17B0CAC720B08B3300A22175 /* MonNav.swift in Sources */,
				17B0CAC120B066FA00A22175 /* Constantes.swift in Sources */,
				17B0CAA520B05CB000A22175 /* AppDelegate.swift in Sources */,
				17B0CABE20B063E500A22175 /* ALaCarteController.swift in Sources */,
			);
			runOnlyForDeploymentPostprocessing = 0;
		};
/* End PBXSourcesBuildPhase section */

/* Begin PBXVariantGroup section */
		17B0CAA820B05CB000A22175 /* Main.storyboard */ = {
			isa = PBXVariantGroup;
			children = (
				17B0CAA920B05CB000A22175 /* Base */,
			);
			name = Main.storyboard;
			sourceTree = "<group>";
		};
		17B0CAAD20B05CB500A22175 /* LaunchScreen.storyboard */ = {
			isa = PBXVariantGroup;
			children = (
				17B0CAAE20B05CB500A22175 /* Base */,
			);
			name = LaunchScreen.storyboard;
			sourceTree = "<group>";
		};
/* End PBXVariantGroup section */

/* Begin XCBuildConfiguration section */
		17B0CAB120B05CB500A22175 /* Debug */ = {
			isa = XCBuildConfiguration;
			buildSettings = {
				ALWAYS_SEARCH_USER_PATHS = NO;
				CLANG_ANALYZER_NONNULL = YES;
				CLANG_ANALYZER_NUMBER_OBJECT_CONVERSION = YES_AGGRESSIVE;
				CLANG_CXX_LANGUAGE_STANDARD = "gnu++14";
				CLANG_CXX_LIBRARY = "libc++";
				CLANG_ENABLE_MODULES = YES;
				CLANG_ENABLE_OBJC_ARC = YES;
				CLANG_ENABLE_OBJC_WEAK = YES;
				CLANG_WARN_BLOCK_CAPTURE_AUTORELEASING = YES;
				CLANG_WARN_BOOL_CONVERSION = YES;
				CLANG_WARN_COMMA = YES;
				CLANG_WARN_CONSTANT_CONVERSION = YES;
				CLANG_WARN_DEPRECATED_OBJC_IMPLEMENTATIONS = YES;
				CLANG_WARN_DIRECT_OBJC_ISA_USAGE = YES_ERROR;
				CLANG_WARN_DOCUMENTATION_COMMENTS = YES;
				CLANG_WARN_EMPTY_BODY = YES;
				CLANG_WARN_ENUM_CONVERSION = YES;
				CLANG_WARN_INFINITE_RECURSION = YES;
				CLANG_WARN_INT_CONVERSION = YES;
				CLANG_WARN_NON_LITERAL_NULL_CONVERSION = YES;
				CLANG_WARN_OBJC_IMPLICIT_RETAIN_SELF = YES;
				CLANG_WARN_OBJC_LITERAL_CONVERSION = YES;
				CLANG_WARN_OBJC_ROOT_CLASS = YES_ERROR;
				CLANG_WARN_RANGE_LOOP_ANALYSIS = YES;
				CLANG_WARN_STRICT_PROTOTYPES = YES;
				CLANG_WARN_SUSPICIOUS_MOVE = YES;
				CLANG_WARN_UNGUARDED_AVAILABILITY = YES_AGGRESSIVE;
				CLANG_WARN_UNREACHABLE_CODE = YES;
				CLANG_WARN__DUPLICATE_METHOD_MATCH = YES;
				CODE_SIGN_IDENTITY = "iPhone Developer";
				COPY_PHASE_STRIP = NO;
				DEBUG_INFORMATION_FORMAT = dwarf;
				ENABLE_STRICT_OBJC_MSGSEND = YES;
				ENABLE_TESTABILITY = YES;
				GCC_C_LANGUAGE_STANDARD = gnu11;
				GCC_DYNAMIC_NO_PIC = NO;
				GCC_NO_COMMON_BLOCKS = YES;
				GCC_OPTIMIZATION_LEVEL = 0;
				GCC_PREPROCESSOR_DEFINITIONS = (
					"DEBUG=1",
					"$(inherited)",
				);
				GCC_WARN_64_TO_32_BIT_CONVERSION = YES;
				GCC_WARN_ABOUT_RETURN_TYPE = YES_ERROR;
				GCC_WARN_UNDECLARED_SELECTOR = YES;
				GCC_WARN_UNINITIALIZED_AUTOS = YES_AGGRESSIVE;
				GCC_WARN_UNUSED_FUNCTION = YES;
				GCC_WARN_UNUSED_VARIABLE = YES;
				IPHONEOS_DEPLOYMENT_TARGET = 11.3;
				MTL_ENABLE_DEBUG_INFO = YES;
				ONLY_ACTIVE_ARCH = YES;
				SDKROOT = iphoneos;
				SWIFT_ACTIVE_COMPILATION_CONDITIONS = DEBUG;
				SWIFT_OPTIMIZATION_LEVEL = "-Onone";
			};
			name = Debug;
		};
		17B0CAB220B05CB500A22175 /* Release */ = {
			isa = XCBuildConfiguration;
			buildSettings = {
				ALWAYS_SEARCH_USER_PATHS = NO;
				CLANG_ANALYZER_NONNULL = YES;
				CLANG_ANALYZER_NUMBER_OBJECT_CONVERSION = YES_AGGRESSIVE;
				CLANG_CXX_LANGUAGE_STANDARD = "gnu++14";
				CLANG_CXX_LIBRARY = "libc++";
				CLANG_ENABLE_MODULES = YES;
				CLANG_ENABLE_OBJC_ARC = YES;
				CLANG_ENABLE_OBJC_WEAK = YES;
				CLANG_WARN_BLOCK_CAPTURE_AUTORELEASING = YES;
				CLANG_WARN_BOOL_CONVERSION = YES;
				CLANG_WARN_COMMA = YES;
				CLANG_WARN_CONSTANT_CONVERSION = YES;
				CLANG_WARN_DEPRECATED_OBJC_IMPLEMENTATIONS = YES;
				CLANG_WARN_DIRECT_OBJC_ISA_USAGE = YES_ERROR;
				CLANG_WARN_DOCUMENTATION_COMMENTS = YES;
				CLANG_WARN_EMPTY_BODY = YES;
				CLANG_WARN_ENUM_CONVERSION = YES;
				CLANG_WARN_INFINITE_RECURSION = YES;
				CLANG_WARN_INT_CONVERSION = YES;
				CLANG_WARN_NON_LITERAL_NULL_CONVERSION = YES;
				CLANG_WARN_OBJC_IMPLICIT_RETAIN_SELF = YES;
				CLANG_WARN_OBJC_LITERAL_CONVERSION = YES;
				CLANG_WARN_OBJC_ROOT_CLASS = YES_ERROR;
				CLANG_WARN_RANGE_LOOP_ANALYSIS = YES;
				CLANG_WARN_STRICT_PROTOTYPES = YES;
				CLANG_WARN_SUSPICIOUS_MOVE = YES;
				CLANG_WARN_UNGUARDED_AVAILABILITY = YES_AGGRESSIVE;
				CLANG_WARN_UNREACHABLE_CODE = YES;
				CLANG_WARN__DUPLICATE_METHOD_MATCH = YES;
				CODE_SIGN_IDENTITY = "iPhone Developer";
				COPY_PHASE_STRIP = NO;
				DEBUG_INFORMATION_FORMAT = "dwarf-with-dsym";
				ENABLE_NS_ASSERTIONS = NO;
				ENABLE_STRICT_OBJC_MSGSEND = YES;
				GCC_C_LANGUAGE_STANDARD = gnu11;
				GCC_NO_COMMON_BLOCKS = YES;
				GCC_WARN_64_TO_32_BIT_CONVERSION = YES;
				GCC_WARN_ABOUT_RETURN_TYPE = YES_ERROR;
				GCC_WARN_UNDECLARED_SELECTOR = YES;
				GCC_WARN_UNINITIALIZED_AUTOS = YES_AGGRESSIVE;
				GCC_WARN_UNUSED_FUNCTION = YES;
				GCC_WARN_UNUSED_VARIABLE = YES;
				IPHONEOS_DEPLOYMENT_TARGET = 11.3;
				MTL_ENABLE_DEBUG_INFO = NO;
				SDKROOT = iphoneos;
				SWIFT_COMPILATION_MODE = wholemodule;
				SWIFT_OPTIMIZATION_LEVEL = "-O";
				VALIDATE_PRODUCT = YES;
			};
			name = Release;
		};
		17B0CAB420B05CB500A22175 /* Debug */ = {
			isa = XCBuildConfiguration;
			buildSettings = {
				ASSETCATALOG_COMPILER_APPICON_NAME = AppIcon;
				CODE_SIGN_STYLE = Automatic;
				DEVELOPMENT_TEAM = 454GYU24G4;
				INFOPLIST_FILE = MonRestoDuMonde/Info.plist;
				LD_RUNPATH_SEARCH_PATHS = (
					"$(inherited)",
					"@executable_path/Frameworks",
				);
				PRODUCT_BUNDLE_IDENTIFIER = Ben.MonRestoDuMonde;
				PRODUCT_NAME = "$(TARGET_NAME)";
				SWIFT_VERSION = 4.0;
				TARGETED_DEVICE_FAMILY = "1,2";
			};
			name = Debug;
		};
		17B0CAB520B05CB500A22175 /* Release */ = {
			isa = XCBuildConfiguration;
			buildSettings = {
				ASSETCATALOG_COMPILER_APPICON_NAME = AppIcon;
				CODE_SIGN_STYLE = Automatic;
				DEVELOPMENT_TEAM = 454GYU24G4;
				INFOPLIST_FILE = MonRestoDuMonde/Info.plist;
				LD_RUNPATH_SEARCH_PATHS = (
					"$(inherited)",
					"@executable_path/Frameworks",
				);
				PRODUCT_BUNDLE_IDENTIFIER = Ben.MonRestoDuMonde;
				PRODUCT_NAME = "$(TARGET_NAME)";
				SWIFT_VERSION = 4.0;
				TARGETED_DEVICE_FAMILY = "1,2";
			};
			name = Release;
		};
/* End XCBuildConfiguration section */

/* Begin XCConfigurationList section */
		17B0CA9C20B05CB000A22175 /* Build configuration list for PBXProject "MonRestoDuMonde" */ = {
			isa = XCConfigurationList;
			buildConfigurations = (
				17B0CAB120B05CB500A22175 /* Debug */,
				17B0CAB220B05CB500A22175 /* Release */,
			);
			defaultConfigurationIsVisible = 0;
			defaultConfigurationName = Release;
		};
		17B0CAB320B05CB500A22175 /* Build configuration list for PBXNativeTarget "MonRestoDuMonde" */ = {
			isa = XCConfigurationList;
			buildConfigurations = (
				17B0CAB420B05CB500A22175 /* Debug */,
				17B0CAB520B05CB500A22175 /* Release */,
			);
			defaultConfigurationIsVisible = 0;
			defaultConfigurationName = Release;
		};
/* End XCConfigurationList section */
	};
	rootObject = 17B0CA9920B05CB000A22175 /* Project object */;
}
